{
  "nodes": {
    "disko": {
      "inputs": {
        "nixpkgs": [
          "nixpkgs"
        ]
      },
      "locked": {
        "lastModified": 1732988076,
        "narHash": "sha256-2uMaVAZn7fiyTUGhKgleuLYe5+EAAYB/diKxrM7g3as=",
        "owner": "nix-community",
        "repo": "disko",
        "rev": "2814a5224a47ca19e858e027f7e8bff74a8ea9f1",
        "type": "github"
      },
      "original": {
        "owner": "nix-community",
        "repo": "disko",
        "type": "github"
      }
    },
    "nixos-facter-modules": {
      "locked": {
        "lastModified": 1732288619,
        "narHash": "sha256-zSQ2cR+NRJfHUVfkv+O6Wi53wXfzX8KHiO8fRfnvc0M=",
        "owner": "numtide",
        "repo": "nixos-facter-modules",
        "rev": "862648589993a96480c2255197a28feea712f68f",
        "type": "github"
      },
      "original": {
        "owner": "numtide",
        "repo": "nixos-facter-modules",
        "type": "github"
      }
    },
    "nixpkgs": {
      "locked": {
        "lastModified": 1735117610,
        "narHash": "sha256-sbXVIZ8NgGXGgj6jbi5fx5wZOJsH8N8MneMYUDvRGTo=",
        "owner": "ck3d",
        "repo": "nixpkgs",
        "rev": "b6d3c8334ea4150f91ae0a8ab483711900e47ba7",
        "type": "github"
      },
      "original": {
        "owner": "ck3d",
        "ref": "x32edit-43",
        "repo": "nixpkgs",
        "type": "github"
      }
    },
    "root": {
      "inputs": {
        "disko": "disko",
        "nixos-facter-modules": "nixos-facter-modules",
        "nixpkgs": "nixpkgs"
      }
    }
  },
  "root": "root",
  "version": 7
}
